
Microsoft Visual Studio Solution File, Format Version 12.00
# Visual Studio 15
VisualStudioVersion = 15.0.26228.9
MinimumVisualStudioVersion = 10.0.40219.1
Project("{2150E333-8FDC-42A3-9474-1A3956D46DE8}") = "src", "src", "{D77E4880-962A-453F-8F1E-81A772DE5EEF}"
EndProject
Project("{2150E333-8FDC-42A3-9474-1A3956D46DE8}") = "Solution Items", "Solution Items", "{0E5DAC38-0F10-45FA-851F-223A5E6BC0FD}"
	ProjectSection(SolutionItems) = preProject
		README.md = README.md
	EndProjectSection
EndProject
Project("{2150E333-8FDC-42A3-9474-1A3956D46DE8}") = "test", "test", "{F01F5C1A-88F6-4317-BEEC-B36CE7CBF326}"
EndProject
Project("{9A19103F-16F7-4668-BE54-9A1E7A4F7556}") = "CloudBoilerplateNet", "src\content\CloudBoilerplateNet\CloudBoilerplateNet.csproj", "{9E34703A-016B-4879-85F7-A3F2D3E30C6E}"
EndProject
Project("{FAE04EC0-301F-11D3-BF4B-00C04F79EFBC}") = "CloudBoilerplateNet.Tests", "test\CloudBoilerplateNet.Tests\CloudBoilerplateNet.Tests.csproj", "{0CD94DDF-E146-4A53-B1E9-3DEDB9671D88}"
EndProject
Global
	GlobalSection(SolutionConfigurationPlatforms) = preSolution
		Debug|Any CPU = Debug|Any CPU
		Release|Any CPU = Release|Any CPU
	EndGlobalSection
	GlobalSection(ProjectConfigurationPlatforms) = postSolution
		{9E34703A-016B-4879-85F7-A3F2D3E30C6E}.Debug|Any CPU.ActiveCfg = Debug|Any CPU
		{9E34703A-016B-4879-85F7-A3F2D3E30C6E}.Debug|Any CPU.Build.0 = Debug|Any CPU
		{9E34703A-016B-4879-85F7-A3F2D3E30C6E}.Release|Any CPU.ActiveCfg = Release|Any CPU
		{9E34703A-016B-4879-85F7-A3F2D3E30C6E}.Release|Any CPU.Build.0 = Release|Any CPU
		{0CD94DDF-E146-4A53-B1E9-3DEDB9671D88}.Debug|Any CPU.ActiveCfg = Debug|Any CPU
		{0CD94DDF-E146-4A53-B1E9-3DEDB9671D88}.Debug|Any CPU.Build.0 = Debug|Any CPU
		{0CD94DDF-E146-4A53-B1E9-3DEDB9671D88}.Release|Any CPU.ActiveCfg = Release|Any CPU
		{0CD94DDF-E146-4A53-B1E9-3DEDB9671D88}.Release|Any CPU.Build.0 = Release|Any CPU
	EndGlobalSection
	GlobalSection(SolutionProperties) = preSolution
		HideSolutionNode = FALSE
	EndGlobalSection
	GlobalSection(NestedProjects) = preSolution
		{9E34703A-016B-4879-85F7-A3F2D3E30C6E} = {D77E4880-962A-453F-8F1E-81A772DE5EEF}
		{0CD94DDF-E146-4A53-B1E9-3DEDB9671D88} = {F01F5C1A-88F6-4317-BEEC-B36CE7CBF326}
	EndGlobalSection
EndGlobal
